
Microsoft Visual Studio Solution File, Format Version 12.00
# Visual Studio Version 17
VisualStudioVersion = 17.14.36414.22
MinimumVisualStudioVersion = 10.0.40219.1
Project("{2150E333-8FDC-42A3-9474-1A3956D46DE8}") = "UI", "UI", "{02EA681E-C7D8-13C7-8484-4AC65E1B71E8}"
EndProject
Project("{FAE04EC0-301F-11D3-BF4B-00C04F79EFBC}") = "iCodify.UI.TestConsole", "UI\iCodify.UI.TestConsole\iCodify.UI.TestConsole.csproj", "{9DBCE1D6-3D31-4CF9-8639-63CD82123B66}"
EndProject
Global
	GlobalSection(SolutionConfigurationPlatforms) = preSolution
		Debug|Any CPU = Debug|Any CPU
		Release|Any CPU = Release|Any CPU
	EndGlobalSection
	GlobalSection(ProjectConfigurationPlatforms) = postSolution
		{9DBCE1D6-3D31-4CF9-8639-63CD82123B66}.Debug|Any CPU.ActiveCfg = Debug|Any CPU
		{9DBCE1D6-3D31-4CF9-8639-63CD82123B66}.Debug|Any CPU.Build.0 = Debug|Any CPU
		{9DBCE1D6-3D31-4CF9-8639-63CD82123B66}.Release|Any CPU.ActiveCfg = Release|Any CPU
		{9DBCE1D6-3D31-4CF9-8639-63CD82123B66}.Release|Any CPU.Build.0 = Release|Any CPU
	EndGlobalSection
	GlobalSection(SolutionProperties) = preSolution
		HideSolutionNode = FALSE
	EndGlobalSection
	GlobalSection(NestedProjects) = preSolution
		{9DBCE1D6-3D31-4CF9-8639-63CD82123B66} = {02EA681E-C7D8-13C7-8484-4AC65E1B71E8}
	EndGlobalSection
	GlobalSection(ExtensibilityGlobals) = postSolution
		SolutionGuid = {2D61065B-04A9-434A-A8C6-1CBAC34FBEE1}
	EndGlobalSection
EndGlobal
